
Microsoft Visual Studio Solution File, Format Version 12.00
# Visual Studio 2013
Project("{FAE04EC0-301F-11D3-BF4B-00C04F79EFBC}") = "UnityVS.Bring Back Society.CSharp", "UnityVS.Bring Back Society.CSharp.csproj", "{CAADFEEE-5AA2-393E-DD46-839E533600EE}"
EndProject
Project("{FAE04EC0-301F-11D3-BF4B-00C04F79EFBC}") = "UnityVS.Bring Back Society.CSharp.Editor", "UnityVS.Bring Back Society.CSharp.Editor.csproj", "{68903A0F-3693-6629-6EC8-49BCC998F6FB}"
EndProject
Global
	GlobalSection(SolutionConfigurationPlatforms) = preSolution
		Debug|Any CPU = Debug|Any CPU
		Release|Any CPU = Release|Any CPU
	EndGlobalSection
	GlobalSection(ProjectConfigurationPlatforms) = postSolution
		{CAADFEEE-5AA2-393E-DD46-839E533600EE}.Debug|Any CPU.ActiveCfg = Debug|Any CPU
		{CAADFEEE-5AA2-393E-DD46-839E533600EE}.Debug|Any CPU.Build.0 = Debug|Any CPU
		{CAADFEEE-5AA2-393E-DD46-839E533600EE}.Release|Any CPU.ActiveCfg = Release|Any CPU
		{CAADFEEE-5AA2-393E-DD46-839E533600EE}.Release|Any CPU.Build.0 = Release|Any CPU
		{68903A0F-3693-6629-6EC8-49BCC998F6FB}.Debug|Any CPU.ActiveCfg = Debug|Any CPU
		{68903A0F-3693-6629-6EC8-49BCC998F6FB}.Debug|Any CPU.Build.0 = Debug|Any CPU
		{68903A0F-3693-6629-6EC8-49BCC998F6FB}.Release|Any CPU.ActiveCfg = Release|Any CPU
		{68903A0F-3693-6629-6EC8-49BCC998F6FB}.Release|Any CPU.Build.0 = Release|Any CPU
	EndGlobalSection
	GlobalSection(SolutionProperties) = preSolution
		HideSolutionNode = FALSE
	EndGlobalSection
EndGlobal
